
Microsoft Visual Studio Solution File, Format Version 12.00
# Visual Studio Version 16
VisualStudioVersion = 16.0.31112.23
MinimumVisualStudioVersion = 10.0.40219.1
Project("{FAE04EC0-301F-11D3-BF4B-00C04F79EFBC}") = "Proyecto", "Proyecto\Proyecto.csproj", "{50A35CC2-5189-40E8-BD0E-2FDC13EB33CC}"
EndProject
Global
	GlobalSection(SolutionConfigurationPlatforms) = preSolution
		Debug|Any CPU = Debug|Any CPU
		Release|Any CPU = Release|Any CPU
	EndGlobalSection
	GlobalSection(ProjectConfigurationPlatforms) = postSolution
		{50A35CC2-5189-40E8-BD0E-2FDC13EB33CC}.Debug|Any CPU.ActiveCfg = Debug|Any CPU
		{50A35CC2-5189-40E8-BD0E-2FDC13EB33CC}.Debug|Any CPU.Build.0 = Debug|Any CPU
		{50A35CC2-5189-40E8-BD0E-2FDC13EB33CC}.Release|Any CPU.ActiveCfg = Release|Any CPU
		{50A35CC2-5189-40E8-BD0E-2FDC13EB33CC}.Release|Any CPU.Build.0 = Release|Any CPU
	EndGlobalSection
	GlobalSection(SolutionProperties) = preSolution
		HideSolutionNode = FALSE
	EndGlobalSection
	GlobalSection(ExtensibilityGlobals) = postSolution
		SolutionGuid = {4885C709-18CB-40E3-A63E-F599FDF19351}
	EndGlobalSection
EndGlobal
